# Deliberately small, reviewable dependency contract for structural linting.
# `scripts/build-ast-grep-lang.sh --bootstrap` fetches only these exact bytes.
AST_GREP_CARGO_PACKAGE=ast-grep
AST_GREP_VERSION=0.45.0
TREE_SITTER_CLI_CARGO_PACKAGE=tree-sitter-cli
TREE_SITTER_CLI_VERSION=0.26.5
TREE_SITTER_HEW_REPOSITORY=https://github.com/hew-lang/tree-sitter-hew
TREE_SITTER_HEW_REV=f281c8f55a3c1772dcb8b2e6a86eca5779fcffd8
TREE_SITTER_HEW_ARCHIVE_SHA256=2d156c167f3ef879ff8691898086176d5010719ab93b3ddf717d66981dddf021
TREE_SITTER_HEW_LANGUAGE_ABI=15
